
Microsoft Visual Studio Solution File, Format Version 12.00
# Visual Studio Version 17
VisualStudioVersion = 17.2.32519.379
MinimumVisualStudioVersion = 10.0.40219.1
Project("{FAE04EC0-301F-11D3-BF4B-00C04F79EFBC}") = "Practice-String", "Practice-String.csproj", "{2F439DCA-0304-4BE1-A21A-C2B8D895507E}"
EndProject
Global
	GlobalSection(SolutionConfigurationPlatforms) = preSolution
		Debug|Any CPU = Debug|Any CPU
		Release|Any CPU = Release|Any CPU
	EndGlobalSection
	GlobalSection(ProjectConfigurationPlatforms) = postSolution
		{2F439DCA-0304-4BE1-A21A-C2B8D895507E}.Debug|Any CPU.ActiveCfg = Debug|Any CPU
		{2F439DCA-0304-4BE1-A21A-C2B8D895507E}.Debug|Any CPU.Build.0 = Debug|Any CPU
		{2F439DCA-0304-4BE1-A21A-C2B8D895507E}.Release|Any CPU.ActiveCfg = Release|Any CPU
		{2F439DCA-0304-4BE1-A21A-C2B8D895507E}.Release|Any CPU.Build.0 = Release|Any CPU
	EndGlobalSection
	GlobalSection(SolutionProperties) = preSolution
		HideSolutionNode = FALSE
	EndGlobalSection
	GlobalSection(ExtensibilityGlobals) = postSolution
		SolutionGuid = {955ECDCF-E502-46BE-A09B-EA8332D820C8}
	EndGlobalSection
EndGlobal
